# This file is automatically @generated by Poetry 1.5.1 and should not be changed by hand.

[[package]]
name = "youtube-dl"
version = "2021.12.17"
description = "YouTube video downloader"
optional = false
python-versions = "*"
files = [
    {file = "youtube_dl-2021.12.17-py2.py3-none-any.whl", hash = "sha256:f1336d5de68647e0364a47b3c0712578e59ec76f02048ff5c50ef1c69d79cd55"},
    {file = "youtube_dl-2021.12.17.tar.gz", hash = "sha256:bc59e86c5d15d887ac590454511f08ce2c47698d5a82c27bfe27b5d814bbaed2"},
]

[metadata]
lock-version = "2.0"
python-versions = ">=3.10.0,<3.11"
content-hash = "645f4fd1129b52f9b28cee66e61d43814735cda4f66477530c4bd3c7a30a3fd5"
